<?xml version="1.0" encoding="utf-8"?>
<Project ToolsVersion="4.0" xmlns="http://schemas.microsoft.com/developer/msbuild/2003">
  <ItemGroup>
    <ClCompile Include="Block.cpp">
      <Filter>01. CObj\01. Block</Filter>
    </ClCompile>
    <ClCompile Include="Boss.cpp">
      <Filter>01. CObj\03. Monster\00. Boss</Filter>
    </ClCompile>
    <ClCompile Include="Bullet.cpp">
      <Filter>01. CObj\04. Bullet</Filter>
    </ClCompile>
    <ClCompile Include="BulletEffect.cpp">
      <Filter>01. CObj\04. Bullet</Filter>
    </ClCompile>
    <ClCompile Include="BmpMgr.cpp">
      <Filter>02. Design\01. BmpMgr</Filter>
    </ClCompile>
    <ClCompile Include="CollisionMgr.cpp">
      <Filter>02. Design\02. CollisionMgr</Filter>
    </ClCompile>
    <ClCompile Include="CTunnel.cpp">
      <Filter>01. CObj\01. Block\00. Tunnel</Filter>
    </ClCompile>
    <ClCompile Include="CTunnelMonster.cpp">
      <Filter>01. CObj\03. Monster\01. TunnelMonster</Filter>
    </ClCompile>
    <ClCompile Include="DefaultWindow.cpp">
      <Filter>리소스 파일</Filter>
    </ClCompile>
    <ClCompile Include="Gunner.cpp">
      <Filter>01. CObj\03. Monster\02. Gunner</Filter>
    </ClCompile>
    <ClCompile Include="Hill.cpp">
      <Filter>01. CObj\06. Line</Filter>
    </ClCompile>
    <ClCompile Include="Line.cpp">
      <Filter>01. CObj\06. Line</Filter>
    </ClCompile>
    <ClCompile Include="Invisible.cpp">
      <Filter>01. CObj\01. Block\01. Invisible</Filter>
    </ClCompile>
    <ClCompile Include="Item.cpp">
      <Filter>01. CObj\02. Item</Filter>
    </ClCompile>
    <ClCompile Include="KeyMgr.cpp">
      <Filter>02. Design\03. KeyMgr</Filter>
    </ClCompile>
    <ClCompile Include="Scene.cpp">
      <Filter>03. Scene</Filter>
    </ClCompile>
    <ClCompile Include="Lobby.cpp">
      <Filter>03. Scene\00. Lobby</Filter>
    </ClCompile>
    <ClCompile Include="MapEdit.cpp">
      <Filter>03. Scene\03. MapEdit</Filter>
    </ClCompile>
    <ClCompile Include="Splash.cpp">
      <Filter>03. Scene\01. Splash</Filter>
    </ClCompile>
    <ClCompile Include="Stage.cpp">
      <Filter>03. Scene\02. Stage</Filter>
    </ClCompile>
    <ClCompile Include="MainGame.cpp">
      <Filter>00. MainGame</Filter>
    </ClCompile>
    <ClCompile Include="MapMgr.cpp">
      <Filter>02. Design\04. MapMgr</Filter>
    </ClCompile>
    <ClCompile Include="Mococo.cpp">
      <Filter>01. CObj\03. Monster\03. Mococo</Filter>
    </ClCompile>
    <ClCompile Include="Monster.cpp">
      <Filter>01. CObj\03. Monster</Filter>
    </ClCompile>
    <ClCompile Include="MyBitmap.cpp">
      <Filter>04. Bitmap</Filter>
    </ClCompile>
    <ClCompile Include="Obj.cpp">
      <Filter>01. CObj</Filter>
    </ClCompile>
    <ClCompile Include="Cursor.cpp">
      <Filter>01. CObj\05. UI\00. Cursor</Filter>
    </ClCompile>
    <ClCompile Include="MyFont.cpp">
      <Filter>01. CObj\05. UI\01. Font</Filter>
    </ClCompile>
    <ClCompile Include="ObjMgr.cpp">
      <Filter>02. Design\05. ObjMgr</Filter>
    </ClCompile>
    <ClCompile Include="Player.cpp">
      <Filter>01. CObj\00. Player</Filter>
    </ClCompile>
    <ClCompile Include="SceneMgr.cpp">
      <Filter>02. Design\06. SceneMgr</Filter>
    </ClCompile>
    <ClCompile Include="ScrollMgr.cpp">
      <Filter>02. Design\07. ScrollMgr</Filter>
    </ClCompile>
    <ClCompile Include="RotateFire.cpp">
      <Filter>01. CObj\01. Block\02. RotateFire</Filter>
    </ClCompile>
    <ClCompile Include="BottomBody.cpp">
      <Filter>01. CObj\03. Monster\00. Boss\01. Body</Filter>
    </ClCompile>
    <ClCompile Include="RightBody.cpp">
      <Filter>01. CObj\03. Monster\00. Boss\01. Body</Filter>
    </ClCompile>
    <ClCompile Include="LeftBody.cpp">
      <Filter>01. CObj\03. Monster\00. Boss\01. Body</Filter>
    </ClCompile>
    <ClCompile Include="LeftHead.cpp">
      <Filter>01. CObj\03. Monster\00. Boss\00. Head</Filter>
    </ClCompile>
    <ClCompile Include="RightHead.cpp">
      <Filter>01. CObj\03. Monster\00. Boss\00. Head</Filter>
    </ClCompile>
    <ClCompile Include="RotateBullet.cpp">
      <Filter>01. CObj\04. Bullet\00. RotateBullet</Filter>
    </ClCompile>
    <ClCompile Include="SecondBullet.cpp">
      <Filter>01. CObj\04. Bullet\01. SecondBullet</Filter>
    </ClCompile>
    <ClCompile Include="ThirdBullet.cpp">
      <Filter>01. CObj\04. Bullet\02. ThirdBullet</Filter>
    </ClCompile>
    <ClCompile Include="UIButton.cpp">
      <Filter>01. CObj\05. UI\02. Button</Filter>
    </ClCompile>
    <ClCompile Include="Tutle.cpp">
      <Filter>01. CObj\03. Monster\04. Turtle</Filter>
    </ClCompile>
    <ClCompile Include="stdafx.cpp">
      <Filter>리소스 파일</Filter>
    </ClCompile>
    <ClCompile Include="AfterImage.cpp">
      <Filter>01. CObj\00. Player\00. Effect</Filter>
    </ClCompile>
    <ClCompile Include="DoubleJumpEffect.cpp">
      <Filter>01. CObj\00. Player\00. Effect</Filter>
    </ClCompile>
  </ItemGroup>
  <ItemGroup>
    <ClInclude Include="Block.h">
      <Filter>01. CObj\01. Block</Filter>
    </ClInclude>
    <ClInclude Include="Boss.h">
      <Filter>01. CObj\03. Monster\00. Boss</Filter>
    </ClInclude>
    <ClInclude Include="AbstractFactory.h">
      <Filter>02. Design\00. AbstractFactory</Filter>
    </ClInclude>
    <ClInclude Include="Bullet.h">
      <Filter>01. CObj\04. Bullet</Filter>
    </ClInclude>
    <ClInclude Include="BulletEffect.h">
      <Filter>01. CObj\04. Bullet</Filter>
    </ClInclude>
    <ClInclude Include="BmpMgr.h">
      <Filter>02. Design\01. BmpMgr</Filter>
    </ClInclude>
    <ClInclude Include="CollisionMgr.h">
      <Filter>02. Design\02. CollisionMgr</Filter>
    </ClInclude>
    <ClInclude Include="CTunnel.h">
      <Filter>01. CObj\01. Block\00. Tunnel</Filter>
    </ClInclude>
    <ClInclude Include="CTunnelMonster.h">
      <Filter>01. CObj\03. Monster\01. TunnelMonster</Filter>
    </ClInclude>
    <ClInclude Include="DefaultWindow.h">
      <Filter>헤더 파일</Filter>
    </ClInclude>
    <ClInclude Include="Define.h">
      <Filter>헤더 파일</Filter>
    </ClInclude>
    <ClInclude Include="Gunner.h">
      <Filter>01. CObj\03. Monster\02. Gunner</Filter>
    </ClInclude>
    <ClInclude Include="Hill.h">
      <Filter>01. CObj\06. Line</Filter>
    </ClInclude>
    <ClInclude Include="Line.h">
      <Filter>01. CObj\06. Line</Filter>
    </ClInclude>
    <ClInclude Include="Invisible.h">
      <Filter>01. CObj\01. Block\01. Invisible</Filter>
    </ClInclude>
    <ClInclude Include="Item.h">
      <Filter>01. CObj\02. Item</Filter>
    </ClInclude>
    <ClInclude Include="KeyMgr.h">
      <Filter>02. Design\03. KeyMgr</Filter>
    </ClInclude>
    <ClInclude Include="Scene.h">
      <Filter>03. Scene</Filter>
    </ClInclude>
    <ClInclude Include="Lobby.h">
      <Filter>03. Scene\00. Lobby</Filter>
    </ClInclude>
    <ClInclude Include="MapEdit.h">
      <Filter>03. Scene\03. MapEdit</Filter>
    </ClInclude>
    <ClInclude Include="Splash.h">
      <Filter>03. Scene\01. Splash</Filter>
    </ClInclude>
    <ClInclude Include="Stage.h">
      <Filter>03. Scene\02. Stage</Filter>
    </ClInclude>
    <ClInclude Include="MainGame.h">
      <Filter>00. MainGame</Filter>
    </ClInclude>
    <ClInclude Include="MapMgr.h">
      <Filter>02. Design\04. MapMgr</Filter>
    </ClInclude>
    <ClInclude Include="Mococo.h">
      <Filter>01. CObj\03. Monster\03. Mococo</Filter>
    </ClInclude>
    <ClInclude Include="Monster.h">
      <Filter>01. CObj\03. Monster</Filter>
    </ClInclude>
    <ClInclude Include="MyBitmap.h">
      <Filter>04. Bitmap</Filter>
    </ClInclude>
    <ClInclude Include="Obj.h">
      <Filter>01. CObj</Filter>
    </ClInclude>
    <ClInclude Include="Cursor.h">
      <Filter>01. CObj\05. UI\00. Cursor</Filter>
    </ClInclude>
    <ClInclude Include="MyFont.h">
      <Filter>01. CObj\05. UI\01. Font</Filter>
    </ClInclude>
    <ClInclude Include="ObjMgr.h">
      <Filter>02. Design\05. ObjMgr</Filter>
    </ClInclude>
    <ClInclude Include="Player.h">
      <Filter>01. CObj\00. Player</Filter>
    </ClInclude>
    <ClInclude Include="SceneMgr.h">
      <Filter>02. Design\06. SceneMgr</Filter>
    </ClInclude>
    <ClInclude Include="ScrollMgr.h">
      <Filter>02. Design\07. ScrollMgr</Filter>
    </ClInclude>
    <ClInclude Include="RotateFire.h">
      <Filter>01. CObj\01. Block\02. RotateFire</Filter>
    </ClInclude>
    <ClInclude Include="BottomBody.h">
      <Filter>01. CObj\03. Monster\00. Boss\01. Body</Filter>
    </ClInclude>
    <ClInclude Include="RightBody.h">
      <Filter>01. CObj\03. Monster\00. Boss\01. Body</Filter>
    </ClInclude>
    <ClInclude Include="LeftBody.h">
      <Filter>01. CObj\03. Monster\00. Boss\01. Body</Filter>
    </ClInclude>
    <ClInclude Include="LeftHead.h">
      <Filter>01. CObj\03. Monster\00. Boss\00. Head</Filter>
    </ClInclude>
    <ClInclude Include="RightHead.h">
      <Filter>01. CObj\03. Monster\00. Boss\00. Head</Filter>
    </ClInclude>
    <ClInclude Include="RotateBullet.h">
      <Filter>01. CObj\04. Bullet\00. RotateBullet</Filter>
    </ClInclude>
    <ClInclude Include="SecondBullet.h">
      <Filter>01. CObj\04. Bullet\01. SecondBullet</Filter>
    </ClInclude>
    <ClInclude Include="ThirdBullet.h">
      <Filter>01. CObj\04. Bullet\02. ThirdBullet</Filter>
    </ClInclude>
    <ClInclude Include="UIButton.h">
      <Filter>01. CObj\05. UI\02. Button</Filter>
    </ClInclude>
    <ClInclude Include="Tutle.h">
      <Filter>01. CObj\03. Monster\04. Turtle</Filter>
    </ClInclude>
    <ClInclude Include="Resource.h">
      <Filter>헤더 파일</Filter>
    </ClInclude>
    <ClInclude Include="stdafx.h">
      <Filter>헤더 파일</Filter>
    </ClInclude>
    <ClInclude Include="targetver.h">
      <Filter>헤더 파일</Filter>
    </ClInclude>
    <ClInclude Include="AfterImage.h">
      <Filter>01. CObj\00. Player\00. Effect</Filter>
    </ClInclude>
    <ClInclude Include="DoubleJumpEffect.h">
      <Filter>01. CObj\00. Player\00. Effect</Filter>
    </ClInclude>
  </ItemGroup>
  <ItemGroup>
    <Image Include="DefaultWindow.ico">
      <Filter>기타</Filter>
    </Image>
    <Image Include="small.ico">
      <Filter>기타</Filter>
    </Image>
  </ItemGroup>
  <ItemGroup>
    <Filter Include="헤더 파일">
      <UniqueIdentifier>{698a2f3e-a56d-48f3-844b-22010afd173f}</UniqueIdentifier>
    </Filter>
    <Filter Include="리소스 파일">
      <UniqueIdentifier>{905452c9-e13f-4c80-a36b-f0af81fc5aae}</UniqueIdentifier>
    </Filter>
    <Filter Include="03. Scene">
      <UniqueIdentifier>{06816186-032d-46d9-ad38-6aba2d9bc81c}</UniqueIdentifier>
    </Filter>
    <Filter Include="03. Scene\00. Lobby">
      <UniqueIdentifier>{c850e8ba-fe81-48b5-986e-cd115247b928}</UniqueIdentifier>
    </Filter>
    <Filter Include="03. Scene\01. Splash">
      <UniqueIdentifier>{c57e2acb-4811-4b1e-8bc6-3149a19e48ad}</UniqueIdentifier>
    </Filter>
    <Filter Include="03. Scene\02. Stage">
      <UniqueIdentifier>{3b844d2c-eddc-472c-bc42-e53775f1e091}</UniqueIdentifier>
    </Filter>
    <Filter Include="03. Scene\03. MapEdit">
      <UniqueIdentifier>{bdd60a2b-9846-4930-a846-76962fbf7884}</UniqueIdentifier>
    </Filter>
    <Filter Include="02. Design">
      <UniqueIdentifier>{a0a7814c-8a3e-46ac-9b53-2b464be2d5c4}</UniqueIdentifier>
    </Filter>
    <Filter Include="02. Design\00. AbstractFactory">
      <UniqueIdentifier>{b89fd996-7a2d-4f7d-aa56-7d6747f28447}</UniqueIdentifier>
    </Filter>
    <Filter Include="02. Design\01. BmpMgr">
      <UniqueIdentifier>{9f5efbfd-9117-41ee-8d89-1c954bb4dbce}</UniqueIdentifier>
    </Filter>
    <Filter Include="02. Design\02. CollisionMgr">
      <UniqueIdentifier>{fc353a76-d9c2-4999-8a83-5f67d938b998}</UniqueIdentifier>
    </Filter>
    <Filter Include="02. Design\03. KeyMgr">
      <UniqueIdentifier>{91143f1f-71eb-4413-bc75-e25a0f9b1d53}</UniqueIdentifier>
    </Filter>
    <Filter Include="00. MainGame">
      <UniqueIdentifier>{7a0293df-2598-46d2-b8ae-ce15c835f431}</UniqueIdentifier>
    </Filter>
    <Filter Include="02. Design\04. MapMgr">
      <UniqueIdentifier>{071e8e67-075c-48f9-8487-6f794424196d}</UniqueIdentifier>
    </Filter>
    <Filter Include="04. Bitmap">
      <UniqueIdentifier>{8542e49f-6625-456a-b338-8ae5e4c5f8e5}</UniqueIdentifier>
    </Filter>
    <Filter Include="01. CObj">
      <UniqueIdentifier>{04d8b431-ba11-4f68-9675-a3e13f1b6564}</UniqueIdentifier>
    </Filter>
    <Filter Include="01. CObj\00. Player">
      <UniqueIdentifier>{5fcafacd-fa6f-4a9d-8dd8-d69a9fcbbf64}</UniqueIdentifier>
    </Filter>
    <Filter Include="01. CObj\01. Block">
      <UniqueIdentifier>{546fc06e-7f9c-435f-b030-b4515d263dd4}</UniqueIdentifier>
    </Filter>
    <Filter Include="01. CObj\01. Block\00. Tunnel">
      <UniqueIdentifier>{381d320a-dd76-417c-bd1e-c5c36f0c8572}</UniqueIdentifier>
    </Filter>
    <Filter Include="01. CObj\01. Block\01. Invisible">
      <UniqueIdentifier>{8c15625e-f16e-409c-a77d-9a7316b4f678}</UniqueIdentifier>
    </Filter>
    <Filter Include="01. CObj\02. Item">
      <UniqueIdentifier>{7b830793-cd7e-45d1-8dba-bd2a486c0da1}</UniqueIdentifier>
    </Filter>
    <Filter Include="01. CObj\03. Monster">
      <UniqueIdentifier>{9371a35d-3c48-44ff-b473-bc8d0a1bcccd}</UniqueIdentifier>
    </Filter>
    <Filter Include="01. CObj\03. Monster\00. Boss">
      <UniqueIdentifier>{2ade77ac-2dde-43c1-8329-1489f8f11bc9}</UniqueIdentifier>
    </Filter>
    <Filter Include="01. CObj\03. Monster\01. TunnelMonster">
      <UniqueIdentifier>{2841cdb0-cce6-4e62-8b1c-78a0d8aa01e3}</UniqueIdentifier>
    </Filter>
    <Filter Include="01. CObj\03. Monster\02. Gunner">
      <UniqueIdentifier>{4110d382-a74a-41b0-80cf-b557c5efc2ea}</UniqueIdentifier>
    </Filter>
    <Filter Include="01. CObj\03. Monster\03. Mococo">
      <UniqueIdentifier>{85b1557d-0f1b-49f7-b575-590aab29046f}</UniqueIdentifier>
    </Filter>
    <Filter Include="01. CObj\04. Bullet">
      <UniqueIdentifier>{a5232f87-50fc-4e24-803e-4f4157059b04}</UniqueIdentifier>
    </Filter>
    <Filter Include="01. CObj\05. UI">
      <UniqueIdentifier>{000a56dc-b2fd-4dd5-bffe-f9cd8411a757}</UniqueIdentifier>
    </Filter>
    <Filter Include="01. CObj\06. Line">
      <UniqueIdentifier>{95a9f7d0-c985-4d13-be97-9e50367d995c}</UniqueIdentifier>
    </Filter>
    <Filter Include="01. CObj\05. UI\00. Cursor">
      <UniqueIdentifier>{8ed6d164-2512-4d86-938c-4958d5f6a3f1}</UniqueIdentifier>
    </Filter>
    <Filter Include="01. CObj\05. UI\01. Font">
      <UniqueIdentifier>{c44d6a90-624e-44aa-9920-370936385bc1}</UniqueIdentifier>
    </Filter>
    <Filter Include="02. Design\05. ObjMgr">
      <UniqueIdentifier>{425495d2-bd7e-4afa-a255-feaf8946aa76}</UniqueIdentifier>
    </Filter>
    <Filter Include="02. Design\06. SceneMgr">
      <UniqueIdentifier>{eff3ec4e-6d96-40e9-af42-712bd55308be}</UniqueIdentifier>
    </Filter>
    <Filter Include="02. Design\07. ScrollMgr">
      <UniqueIdentifier>{3616c188-acc4-4bf4-b5bc-1ddf7beee511}</UniqueIdentifier>
    </Filter>
    <Filter Include="01. CObj\01. Block\02. RotateFire">
      <UniqueIdentifier>{72562d73-e83b-4ff2-bedf-2795b5c6dcd1}</UniqueIdentifier>
    </Filter>
    <Filter Include="01. CObj\03. Monster\00. Boss\00. Head">
      <UniqueIdentifier>{3536831e-daf8-4f4e-9df7-c469f864095b}</UniqueIdentifier>
    </Filter>
    <Filter Include="01. CObj\03. Monster\00. Boss\01. Body">
      <UniqueIdentifier>{90cbddb4-6e55-4707-956d-cd2400b228e6}</UniqueIdentifier>
    </Filter>
    <Filter Include="01. CObj\04. Bullet\00. RotateBullet">
      <UniqueIdentifier>{2ce04ac4-5227-4353-a9e6-483d941b967c}</UniqueIdentifier>
    </Filter>
    <Filter Include="01. CObj\04. Bullet\01. SecondBullet">
      <UniqueIdentifier>{538f7b1d-0180-43c0-9dc0-abbad4dc2808}</UniqueIdentifier>
    </Filter>
    <Filter Include="01. CObj\04. Bullet\02. ThirdBullet">
      <UniqueIdentifier>{e79c67f7-b84e-4c48-af58-9bd5fc4f3faa}</UniqueIdentifier>
    </Filter>
    <Filter Include="01. CObj\05. UI\02. Button">
      <UniqueIdentifier>{d62216f6-81d1-478c-a23e-1bf69e85d057}</UniqueIdentifier>
    </Filter>
    <Filter Include="01. CObj\03. Monster\04. Turtle">
      <UniqueIdentifier>{89fec4dd-5010-4d73-a639-bcf80cc45db2}</UniqueIdentifier>
    </Filter>
    <Filter Include="기타">
      <UniqueIdentifier>{67b96e03-318b-49cc-821d-3591900e45cf}</UniqueIdentifier>
    </Filter>
    <Filter Include="01. CObj\00. Player\00. Effect">
      <UniqueIdentifier>{5c2a96a5-fc40-4a0c-a492-4a425ee2d6d6}</UniqueIdentifier>
    </Filter>
  </ItemGroup>
  <ItemGroup>
    <ResourceCompile Include="DefaultWindow.rc">
      <Filter>기타</Filter>
    </ResourceCompile>
  </ItemGroup>
  <ItemGroup>
    <Text Include="ReadMe.txt">
      <Filter>기타</Filter>
    </Text>
  </ItemGroup>
</Project>